
Microsoft Visual Studio Solution File, Format Version 12.00
# Visual Studio Version 16
VisualStudioVersion = 16.0.31911.196
MinimumVisualStudioVersion = 10.0.40219.1
Project("{FAE04EC0-301F-11D3-BF4B-00C04F79EFBC}") = "DataStructureAlgorithmsCSharp", "DataStructureAlgorithmsCSharp\DataStructureAlgorithmsCSharp.csproj", "{2648788B-8F41-4693-847D-4D5FDF4E7050}"
EndProject
Global
	GlobalSection(SolutionConfigurationPlatforms) = preSolution
		Debug|Any CPU = Debug|Any CPU
		Release|Any CPU = Release|Any CPU
	EndGlobalSection
	GlobalSection(ProjectConfigurationPlatforms) = postSolution
		{2648788B-8F41-4693-847D-4D5FDF4E7050}.Debug|Any CPU.ActiveCfg = Debug|Any CPU
		{2648788B-8F41-4693-847D-4D5FDF4E7050}.Debug|Any CPU.Build.0 = Debug|Any CPU
		{2648788B-8F41-4693-847D-4D5FDF4E7050}.Release|Any CPU.ActiveCfg = Release|Any CPU
		{2648788B-8F41-4693-847D-4D5FDF4E7050}.Release|Any CPU.Build.0 = Release|Any CPU
	EndGlobalSection
	GlobalSection(SolutionProperties) = preSolution
		HideSolutionNode = FALSE
	EndGlobalSection
	GlobalSection(ExtensibilityGlobals) = postSolution
		SolutionGuid = {7352CB5C-115B-421C-AA71-6483C13A0D7D}
	EndGlobalSection
EndGlobal
